// !$*UTF8*$!
{
	archiveVersion = 1;
	classes = {
	};
	objectVersion = 56;
	objects = {

/* Begin PBXBuildFile section */
		8003DBA12A351BC4004F2C41 /* ShareViewController.swift in Sources */ = {isa = PBXBuildFile; fileRef = 8003DBA02A351BC4004F2C41 /* ShareViewController.swift */; };
		8003DBA82A351BC4004F2C41 /* ShareWWDC.appex in Embed Foundation Extensions */ = {isa = PBXBuildFile; fileRef = 8003DB9E2A351BC4004F2C41 /* ShareWWDC.appex */; settings = {ATTRIBUTES = (RemoveHeadersOnCopy, ); }; };
		8034C54C2A34DEBF007F205A /* ChatWWDCApp.swift in Sources */ = {isa = PBXBuildFile; fileRef = 8034C54B2A34DEBF007F205A /* ChatWWDCApp.swift */; };
		8034C54E2A34DEBF007F205A /* ContentView.swift in Sources */ = {isa = PBXBuildFile; fileRef = 8034C54D2A34DEBF007F205A /* ContentView.swift */; };
		8034C5502A34DEC0007F205A /* Assets.xcassets in Resources */ = {isa = PBXBuildFile; fileRef = 8034C54F2A34DEC0007F205A /* Assets.xcassets */; };
		8034C5532A34DEC0007F205A /* Preview Assets.xcassets in Resources */ = {isa = PBXBuildFile; fileRef = 8034C5522A34DEC0007F205A /* Preview Assets.xcassets */; };
		8034C5552A34DEC0007F205A /* Persistence.swift in Sources */ = {isa = PBXBuildFile; fileRef = 8034C5542A34DEC0007F205A /* Persistence.swift */; };
		8034C5582A34DEC0007F205A /* ChatWWDC.xcdatamodeld in Sources */ = {isa = PBXBuildFile; fileRef = 8034C5562A34DEC0007F205A /* ChatWWDC.xcdatamodeld */; };
		8034C55F2A34E026007F205A /* ChatViewModel.swift in Sources */ = {isa = PBXBuildFile; fileRef = 8034C55E2A34E026007F205A /* ChatViewModel.swift */; };
		8034C5612A34E040007F205A /* OpenAIService.swift in Sources */ = {isa = PBXBuildFile; fileRef = 8034C5602A34E040007F205A /* OpenAIService.swift */; };
		8034C5632A34E05A007F205A /* Constants.swift in Sources */ = {isa = PBXBuildFile; fileRef = 8034C5622A34E05A007F205A /* Constants.swift */; };
		8034C5652A34FC7F007F205A /* WebViewModel.swift in Sources */ = {isa = PBXBuildFile; fileRef = 8034C5642A34FC7F007F205A /* WebViewModel.swift */; };
		8034C5672A34FC91007F205A /* WebView.swift in Sources */ = {isa = PBXBuildFile; fileRef = 8034C5662A34FC91007F205A /* WebView.swift */; };
/* End PBXBuildFile section */

/* Begin PBXContainerItemProxy section */
		8003DBA62A351BC4004F2C41 /* PBXContainerItemProxy */ = {
			isa = PBXContainerItemProxy;
			containerPortal = 8034C5402A34DEBF007F205A /* Project object */;
			proxyType = 1;
			remoteGlobalIDString = 8003DB9D2A351BC4004F2C41;
			remoteInfo = ShareWWDC;
		};
/* End PBXContainerItemProxy section */

/* Begin PBXCopyFilesBuildPhase section */
		8003DBA92A351BC4004F2C41 /* Embed Foundation Extensions */ = {
			isa = PBXCopyFilesBuildPhase;
			buildActionMask = 2147483647;
			dstPath = "";
			dstSubfolderSpec = 13;
			files = (
				8003DBA82A351BC4004F2C41 /* ShareWWDC.appex in Embed Foundation Extensions */,
			);
			name = "Embed Foundation Extensions";
			runOnlyForDeploymentPostprocessing = 0;
		};
/* End PBXCopyFilesBuildPhase section */

/* Begin PBXFileReference section */
		8003DB9E2A351BC4004F2C41 /* ShareWWDC.appex */ = {isa = PBXFileReference; explicitFileType = "wrapper.app-extension"; includeInIndex = 0; path = ShareWWDC.appex; sourceTree = BUILT_PRODUCTS_DIR; };
		8003DBA02A351BC4004F2C41 /* ShareViewController.swift */ = {isa = PBXFileReference; lastKnownFileType = sourcecode.swift; path = ShareViewController.swift; sourceTree = "<group>"; };
		8003DBA52A351BC4004F2C41 /* Info.plist */ = {isa = PBXFileReference; lastKnownFileType = text.plist.xml; path = Info.plist; sourceTree = "<group>"; };
		8003DBAD2A351CBE004F2C41 /* ShareWWDC.entitlements */ = {isa = PBXFileReference; lastKnownFileType = text.plist.entitlements; path = ShareWWDC.entitlements; sourceTree = "<group>"; };
		8003DBAE2A351CE3004F2C41 /* ChatWWDC.entitlements */ = {isa = PBXFileReference; lastKnownFileType = text.plist.entitlements; path = ChatWWDC.entitlements; sourceTree = "<group>"; };
		8034C5482A34DEBF007F205A /* ChatWWDC.app */ = {isa = PBXFileReference; explicitFileType = wrapper.application; includeInIndex = 0; path = ChatWWDC.app; sourceTree = BUILT_PRODUCTS_DIR; };
		8034C54B2A34DEBF007F205A /* ChatWWDCApp.swift */ = {isa = PBXFileReference; lastKnownFileType = sourcecode.swift; path = ChatWWDCApp.swift; sourceTree = "<group>"; };
		8034C54D2A34DEBF007F205A /* ContentView.swift */ = {isa = PBXFileReference; lastKnownFileType = sourcecode.swift; path = ContentView.swift; sourceTree = "<group>"; };
		8034C54F2A34DEC0007F205A /* Assets.xcassets */ = {isa = PBXFileReference; lastKnownFileType = folder.assetcatalog; path = Assets.xcassets; sourceTree = "<group>"; };
		8034C5522A34DEC0007F205A /* Preview Assets.xcassets */ = {isa = PBXFileReference; lastKnownFileType = folder.assetcatalog; path = "Preview Assets.xcassets"; sourceTree = "<group>"; };
		8034C5542A34DEC0007F205A /* Persistence.swift */ = {isa = PBXFileReference; lastKnownFileType = sourcecode.swift; path = Persistence.swift; sourceTree = "<group>"; };
		8034C5572A34DEC0007F205A /* ChatWWDC.xcdatamodel */ = {isa = PBXFileReference; lastKnownFileType = wrapper.xcdatamodel; path = ChatWWDC.xcdatamodel; sourceTree = "<group>"; };
		8034C55E2A34E026007F205A /* ChatViewModel.swift */ = {isa = PBXFileReference; lastKnownFileType = sourcecode.swift; path = ChatViewModel.swift; sourceTree = "<group>"; };
		8034C5602A34E040007F205A /* OpenAIService.swift */ = {isa = PBXFileReference; lastKnownFileType = sourcecode.swift; path = OpenAIService.swift; sourceTree = "<group>"; };
		8034C5622A34E05A007F205A /* Constants.swift */ = {isa = PBXFileReference; lastKnownFileType = sourcecode.swift; path = Constants.swift; sourceTree = "<group>"; };
		8034C5642A34FC7F007F205A /* WebViewModel.swift */ = {isa = PBXFileReference; lastKnownFileType = sourcecode.swift; path = WebViewModel.swift; sourceTree = "<group>"; };
		8034C5662A34FC91007F205A /* WebView.swift */ = {isa = PBXFileReference; lastKnownFileType = sourcecode.swift; path = WebView.swift; sourceTree = "<group>"; };
		8034C56C2A350120007F205A /* Info.plist */ = {isa = PBXFileReference; fileEncoding = 4; lastKnownFileType = text.plist.xml; path = Info.plist; sourceTree = "<group>"; };
/* End PBXFileReference section */

/* Begin PBXFrameworksBuildPhase section */
		8003DB9B2A351BC4004F2C41 /* Frameworks */ = {
			isa = PBXFrameworksBuildPhase;
			buildActionMask = 2147483647;
			files = (
			);
			runOnlyForDeploymentPostprocessing = 0;
		};
		8034C5452A34DEBF007F205A /* Frameworks */ = {
			isa = PBXFrameworksBuildPhase;
			buildActionMask = 2147483647;
			files = (
			);
			runOnlyForDeploymentPostprocessing = 0;
		};
/* End PBXFrameworksBuildPhase section */

/* Begin PBXGroup section */
		8003DB9F2A351BC4004F2C41 /* ShareWWDC */ = {
			isa = PBXGroup;
			children = (
				8003DBAD2A351CBE004F2C41 /* ShareWWDC.entitlements */,
				8003DBA02A351BC4004F2C41 /* ShareViewController.swift */,
				8003DBA52A351BC4004F2C41 /* Info.plist */,
			);
			path = ShareWWDC;
			sourceTree = "<group>";
		};
		8034C53F2A34DEBF007F205A = {
			isa = PBXGroup;
			children = (
				8034C54A2A34DEBF007F205A /* ChatWWDC */,
				8003DB9F2A351BC4004F2C41 /* ShareWWDC */,
				8034C5492A34DEBF007F205A /* Products */,
			);
			sourceTree = "<group>";
		};
		8034C5492A34DEBF007F205A /* Products */ = {
			isa = PBXGroup;
			children = (
				8034C5482A34DEBF007F205A /* ChatWWDC.app */,
				8003DB9E2A351BC4004F2C41 /* ShareWWDC.appex */,
			);
			name = Products;
			sourceTree = "<group>";
		};
		8034C54A2A34DEBF007F205A /* ChatWWDC */ = {
			isa = PBXGroup;
			children = (
				8003DBAE2A351CE3004F2C41 /* ChatWWDC.entitlements */,
				8034C54B2A34DEBF007F205A /* ChatWWDCApp.swift */,
				8034C5702A350239007F205A /* Views */,
				8034C56E2A3501C2007F205A /* ViewModels */,
				8034C56F2A3501E0007F205A /* Models */,
				8034C56C2A350120007F205A /* Info.plist */,
				8034C5512A34DEC0007F205A /* Preview Content */,
			);
			path = ChatWWDC;
			sourceTree = "<group>";
		};
		8034C5512A34DEC0007F205A /* Preview Content */ = {
			isa = PBXGroup;
			children = (
				8034C5522A34DEC0007F205A /* Preview Assets.xcassets */,
			);
			path = "Preview Content";
			sourceTree = "<group>";
		};
		8034C56E2A3501C2007F205A /* ViewModels */ = {
			isa = PBXGroup;
			children = (
				8034C55E2A34E026007F205A /* ChatViewModel.swift */,
				8034C5642A34FC7F007F205A /* WebViewModel.swift */,
			);
			path = ViewModels;
			sourceTree = "<group>";
		};
		8034C56F2A3501E0007F205A /* Models */ = {
			isa = PBXGroup;
			children = (
				8034C5602A34E040007F205A /* OpenAIService.swift */,
				8034C54F2A34DEC0007F205A /* Assets.xcassets */,
				8034C5542A34DEC0007F205A /* Persistence.swift */,
				8034C5622A34E05A007F205A /* Constants.swift */,
				8034C5562A34DEC0007F205A /* ChatWWDC.xcdatamodeld */,
			);
			path = Models;
			sourceTree = "<group>";
		};
		8034C5702A350239007F205A /* Views */ = {
			isa = PBXGroup;
			children = (
				8034C54D2A34DEBF007F205A /* ContentView.swift */,
				8034C5662A34FC91007F205A /* WebView.swift */,
			);
			path = Views;
			sourceTree = "<group>";
		};
/* End PBXGroup section */

/* Begin PBXNativeTarget section */
		8003DB9D2A351BC4004F2C41 /* ShareWWDC */ = {
			isa = PBXNativeTarget;
			buildConfigurationList = 8003DBAC2A351BC4004F2C41 /* Build configuration list for PBXNativeTarget "ShareWWDC" */;
			buildPhases = (
				8003DB9A2A351BC4004F2C41 /* Sources */,
				8003DB9B2A351BC4004F2C41 /* Frameworks */,
				8003DB9C2A351BC4004F2C41 /* Resources */,
			);
			buildRules = (
			);
			dependencies = (
			);
			name = ShareWWDC;
			productName = ShareWWDC;
			productReference = 8003DB9E2A351BC4004F2C41 /* ShareWWDC.appex */;
			productType = "com.apple.product-type.app-extension";
		};
		8034C5472A34DEBF007F205A /* ChatWWDC */ = {
			isa = PBXNativeTarget;
			buildConfigurationList = 8034C55B2A34DEC0007F205A /* Build configuration list for PBXNativeTarget "ChatWWDC" */;
			buildPhases = (
				8034C5442A34DEBF007F205A /* Sources */,
				8034C5452A34DEBF007F205A /* Frameworks */,
				8034C5462A34DEBF007F205A /* Resources */,
				8003DBA92A351BC4004F2C41 /* Embed Foundation Extensions */,
			);
			buildRules = (
			);
			dependencies = (
				8003DBA72A351BC4004F2C41 /* PBXTargetDependency */,
			);
			name = ChatWWDC;
			productName = ChatWWDC;
			productReference = 8034C5482A34DEBF007F205A /* ChatWWDC.app */;
			productType = "com.apple.product-type.application";
		};
/* End PBXNativeTarget section */

/* Begin PBXProject section */
		8034C5402A34DEBF007F205A /* Project object */ = {
			isa = PBXProject;
			attributes = {
				BuildIndependentTargetsInParallel = 1;
				LastSwiftUpdateCheck = 1430;
				LastUpgradeCheck = 1430;
				TargetAttributes = {
					8003DB9D2A351BC4004F2C41 = {
						CreatedOnToolsVersion = 14.3;
					};
					8034C5472A34DEBF007F205A = {
						CreatedOnToolsVersion = 14.3;
					};
				};
			};
			buildConfigurationList = 8034C5432A34DEBF007F205A /* Build configuration list for PBXProject "ChatWWDC" */;
			compatibilityVersion = "Xcode 14.0";
			developmentRegion = en;
			hasScannedForEncodings = 0;
			knownRegions = (
				en,
				Base,
			);
			mainGroup = 8034C53F2A34DEBF007F205A;
			productRefGroup = 8034C5492A34DEBF007F205A /* Products */;
			projectDirPath = "";
			projectRoot = "";
			targets = (
				8034C5472A34DEBF007F205A /* ChatWWDC */,
				8003DB9D2A351BC4004F2C41 /* ShareWWDC */,
			);
		};
/* End PBXProject section */

/* Begin PBXResourcesBuildPhase section */
		8003DB9C2A351BC4004F2C41 /* Resources */ = {
			isa = PBXResourcesBuildPhase;
			buildActionMask = 2147483647;
			files = (
			);
			runOnlyForDeploymentPostprocessing = 0;
		};
		8034C5462A34DEBF007F205A /* Resources */ = {
			isa = PBXResourcesBuildPhase;
			buildActionMask = 2147483647;
			files = (
				8034C5532A34DEC0007F205A /* Preview Assets.xcassets in Resources */,
				8034C5502A34DEC0007F205A /* Assets.xcassets in Resources */,
			);
			runOnlyForDeploymentPostprocessing = 0;
		};
/* End PBXResourcesBuildPhase section */

/* Begin PBXSourcesBuildPhase section */
		8003DB9A2A351BC4004F2C41 /* Sources */ = {
			isa = PBXSourcesBuildPhase;
			buildActionMask = 2147483647;
			files = (
				8003DBA12A351BC4004F2C41 /* ShareViewController.swift in Sources */,
			);
			runOnlyForDeploymentPostprocessing = 0;
		};
		8034C5442A34DEBF007F205A /* Sources */ = {
			isa = PBXSourcesBuildPhase;
			buildActionMask = 2147483647;
			files = (
				8034C5552A34DEC0007F205A /* Persistence.swift in Sources */,
				8034C5652A34FC7F007F205A /* WebViewModel.swift in Sources */,
				8034C5672A34FC91007F205A /* WebView.swift in Sources */,
				8034C54E2A34DEBF007F205A /* ContentView.swift in Sources */,
				8034C5582A34DEC0007F205A /* ChatWWDC.xcdatamodeld in Sources */,
				8034C55F2A34E026007F205A /* ChatViewModel.swift in Sources */,
				8034C5632A34E05A007F205A /* Constants.swift in Sources */,
				8034C54C2A34DEBF007F205A /* ChatWWDCApp.swift in Sources */,
				8034C5612A34E040007F205A /* OpenAIService.swift in Sources */,
			);
			runOnlyForDeploymentPostprocessing = 0;
		};
/* End PBXSourcesBuildPhase section */

/* Begin PBXTargetDependency section */
		8003DBA72A351BC4004F2C41 /* PBXTargetDependency */ = {
			isa = PBXTargetDependency;
			target = 8003DB9D2A351BC4004F2C41 /* ShareWWDC */;
			targetProxy = 8003DBA62A351BC4004F2C41 /* PBXContainerItemProxy */;
		};
/* End PBXTargetDependency section */

/* Begin XCBuildConfiguration section */
		8003DBAA2A351BC4004F2C41 /* Debug */ = {
			isa = XCBuildConfiguration;
			buildSettings = {
				CODE_SIGN_ENTITLEMENTS = ShareWWDC/ShareWWDC.entitlements;
				CODE_SIGN_STYLE = Automatic;
				CURRENT_PROJECT_VERSION = 1;
				DEVELOPMENT_TEAM = KGH5A5RXPH;
				GENERATE_INFOPLIST_FILE = YES;
				INFOPLIST_FILE = ShareWWDC/Info.plist;
				INFOPLIST_KEY_CFBundleDisplayName = ShareWWDC;
				INFOPLIST_KEY_NSHumanReadableCopyright = "";
				LD_RUNPATH_SEARCH_PATHS = (
					"$(inherited)",
					"@executable_path/Frameworks",
					"@executable_path/../../Frameworks",
				);
				MARKETING_VERSION = 1.0;
				PRODUCT_BUNDLE_IDENTIFIER = com.chartinsight.ChatWWDC.ShareWWDC;
				PRODUCT_NAME = "$(TARGET_NAME)";
				SKIP_INSTALL = YES;
				SWIFT_EMIT_LOC_STRINGS = YES;
				SWIFT_VERSION = 5.0;
				TARGETED_DEVICE_FAMILY = "1,2";
			};
			name = Debug;
		};
		8003DBAB2A351BC4004F2C41 /* Release */ = {
			isa = XCBuildConfiguration;
			buildSettings = {
				CODE_SIGN_ENTITLEMENTS = ShareWWDC/ShareWWDC.entitlements;
				CODE_SIGN_STYLE = Automatic;
				CURRENT_PROJECT_VERSION = 1;
				DEVELOPMENT_TEAM = KGH5A5RXPH;
				GENERATE_INFOPLIST_FILE = YES;
				INFOPLIST_FILE = ShareWWDC/Info.plist;
				INFOPLIST_KEY_CFBundleDisplayName = ShareWWDC;
				INFOPLIST_KEY_NSHumanReadableCopyright = "";
				LD_RUNPATH_SEARCH_PATHS = (
					"$(inherited)",
					"@executable_path/Frameworks",
					"@executable_path/../../Frameworks",
				);
				MARKETING_VERSION = 1.0;
				PRODUCT_BUNDLE_IDENTIFIER = com.chartinsight.ChatWWDC.ShareWWDC;
				PRODUCT_NAME = "$(TARGET_NAME)";
				SKIP_INSTALL = YES;
				SWIFT_EMIT_LOC_STRINGS = YES;
				SWIFT_VERSION = 5.0;
				TARGETED_DEVICE_FAMILY = "1,2";
			};
			name = Release;
		};
		8034C5592A34DEC0007F205A /* Debug */ = {
			isa = XCBuildConfiguration;
			buildSettings = {
				ALWAYS_SEARCH_USER_PATHS = NO;
				CLANG_ANALYZER_NONNULL = YES;
				CLANG_ANALYZER_NUMBER_OBJECT_CONVERSION = YES_AGGRESSIVE;
				CLANG_CXX_LANGUAGE_STANDARD = "gnu++20";
				CLANG_ENABLE_MODULES = YES;
				CLANG_ENABLE_OBJC_ARC = YES;
				CLANG_ENABLE_OBJC_WEAK = YES;
				CLANG_WARN_BLOCK_CAPTURE_AUTORELEASING = YES;
				CLANG_WARN_BOOL_CONVERSION = YES;
				CLANG_WARN_COMMA = YES;
				CLANG_WARN_CONSTANT_CONVERSION = YES;
				CLANG_WARN_DEPRECATED_OBJC_IMPLEMENTATIONS = YES;
				CLANG_WARN_DIRECT_OBJC_ISA_USAGE = YES_ERROR;
				CLANG_WARN_DOCUMENTATION_COMMENTS = YES;
				CLANG_WARN_EMPTY_BODY = YES;
				CLANG_WARN_ENUM_CONVERSION = YES;
				CLANG_WARN_INFINITE_RECURSION = YES;
				CLANG_WARN_INT_CONVERSION = YES;
				CLANG_WARN_NON_LITERAL_NULL_CONVERSION = YES;
				CLANG_WARN_OBJC_IMPLICIT_RETAIN_SELF = YES;
				CLANG_WARN_OBJC_LITERAL_CONVERSION = YES;
				CLANG_WARN_OBJC_ROOT_CLASS = YES_ERROR;
				CLANG_WARN_QUOTED_INCLUDE_IN_FRAMEWORK_HEADER = YES;
				CLANG_WARN_RANGE_LOOP_ANALYSIS = YES;
				CLANG_WARN_STRICT_PROTOTYPES = YES;
				CLANG_WARN_SUSPICIOUS_MOVE = YES;
				CLANG_WARN_UNGUARDED_AVAILABILITY = YES_AGGRESSIVE;
				CLANG_WARN_UNREACHABLE_CODE = YES;
				CLANG_WARN__DUPLICATE_METHOD_MATCH = YES;
				COPY_PHASE_STRIP = NO;
				DEBUG_INFORMATION_FORMAT = dwarf;
				ENABLE_STRICT_OBJC_MSGSEND = YES;
				ENABLE_TESTABILITY = YES;
				GCC_C_LANGUAGE_STANDARD = gnu11;
				GCC_DYNAMIC_NO_PIC = NO;
				GCC_NO_COMMON_BLOCKS = YES;
				GCC_OPTIMIZATION_LEVEL = 0;
				GCC_PREPROCESSOR_DEFINITIONS = (
					"DEBUG=1",
					"$(inherited)",
				);
				GCC_WARN_64_TO_32_BIT_CONVERSION = YES;
				GCC_WARN_ABOUT_RETURN_TYPE = YES_ERROR;
				GCC_WARN_UNDECLARED_SELECTOR = YES;
				GCC_WARN_UNINITIALIZED_AUTOS = YES_AGGRESSIVE;
				GCC_WARN_UNUSED_FUNCTION = YES;
				GCC_WARN_UNUSED_VARIABLE = YES;
				IPHONEOS_DEPLOYMENT_TARGET = 16.4;
				MTL_ENABLE_DEBUG_INFO = INCLUDE_SOURCE;
				MTL_FAST_MATH = YES;
				ONLY_ACTIVE_ARCH = YES;
				SDKROOT = iphoneos;
				SWIFT_ACTIVE_COMPILATION_CONDITIONS = DEBUG;
				SWIFT_OPTIMIZATION_LEVEL = "-Onone";
			};
			name = Debug;
		};
		8034C55A2A34DEC0007F205A /* Release */ = {
			isa = XCBuildConfiguration;
			buildSettings = {
				ALWAYS_SEARCH_USER_PATHS = NO;
				CLANG_ANALYZER_NONNULL = YES;
				CLANG_ANALYZER_NUMBER_OBJECT_CONVERSION = YES_AGGRESSIVE;
				CLANG_CXX_LANGUAGE_STANDARD = "gnu++20";
				CLANG_ENABLE_MODULES = YES;
				CLANG_ENABLE_OBJC_ARC = YES;
				CLANG_ENABLE_OBJC_WEAK = YES;
				CLANG_WARN_BLOCK_CAPTURE_AUTORELEASING = YES;
				CLANG_WARN_BOOL_CONVERSION = YES;
				CLANG_WARN_COMMA = YES;
				CLANG_WARN_CONSTANT_CONVERSION = YES;
				CLANG_WARN_DEPRECATED_OBJC_IMPLEMENTATIONS = YES;
				CLANG_WARN_DIRECT_OBJC_ISA_USAGE = YES_ERROR;
				CLANG_WARN_DOCUMENTATION_COMMENTS = YES;
				CLANG_WARN_EMPTY_BODY = YES;
				CLANG_WARN_ENUM_CONVERSION = YES;
				CLANG_WARN_INFINITE_RECURSION = YES;
				CLANG_WARN_INT_CONVERSION = YES;
				CLANG_WARN_NON_LITERAL_NULL_CONVERSION = YES;
				CLANG_WARN_OBJC_IMPLICIT_RETAIN_SELF = YES;
				CLANG_WARN_OBJC_LITERAL_CONVERSION = YES;
				CLANG_WARN_OBJC_ROOT_CLASS = YES_ERROR;
				CLANG_WARN_QUOTED_INCLUDE_IN_FRAMEWORK_HEADER = YES;
				CLANG_WARN_RANGE_LOOP_ANALYSIS = YES;
				CLANG_WARN_STRICT_PROTOTYPES = YES;
				CLANG_WARN_SUSPICIOUS_MOVE = YES;
				CLANG_WARN_UNGUARDED_AVAILABILITY = YES_AGGRESSIVE;
				CLANG_WARN_UNREACHABLE_CODE = YES;
				CLANG_WARN__DUPLICATE_METHOD_MATCH = YES;
				COPY_PHASE_STRIP = NO;
				DEBUG_INFORMATION_FORMAT = "dwarf-with-dsym";
				ENABLE_NS_ASSERTIONS = NO;
				ENABLE_STRICT_OBJC_MSGSEND = YES;
				GCC_C_LANGUAGE_STANDARD = gnu11;
				GCC_NO_COMMON_BLOCKS = YES;
				GCC_WARN_64_TO_32_BIT_CONVERSION = YES;
				GCC_WARN_ABOUT_RETURN_TYPE = YES_ERROR;
				GCC_WARN_UNDECLARED_SELECTOR = YES;
				GCC_WARN_UNINITIALIZED_AUTOS = YES_AGGRESSIVE;
				GCC_WARN_UNUSED_FUNCTION = YES;
				GCC_WARN_UNUSED_VARIABLE = YES;
				IPHONEOS_DEPLOYMENT_TARGET = 16.4;
				MTL_ENABLE_DEBUG_INFO = NO;
				MTL_FAST_MATH = YES;
				SDKROOT = iphoneos;
				SWIFT_COMPILATION_MODE = wholemodule;
				SWIFT_OPTIMIZATION_LEVEL = "-O";
				VALIDATE_PRODUCT = YES;
			};
			name = Release;
		};
		8034C55C2A34DEC0007F205A /* Debug */ = {
			isa = XCBuildConfiguration;
			buildSettings = {
				ALWAYS_EMBED_SWIFT_STANDARD_LIBRARIES = YES;
				ASSETCATALOG_COMPILER_APPICON_NAME = AppIcon;
				ASSETCATALOG_COMPILER_GLOBAL_ACCENT_COLOR_NAME = AccentColor;
				CODE_SIGN_ENTITLEMENTS = ChatWWDC/ChatWWDC.entitlements;
				CODE_SIGN_STYLE = Automatic;
				CURRENT_PROJECT_VERSION = 1;
				DEVELOPMENT_ASSET_PATHS = "\"ChatWWDC/Preview Content\"";
				DEVELOPMENT_TEAM = KGH5A5RXPH;
				ENABLE_PREVIEWS = YES;
				GENERATE_INFOPLIST_FILE = YES;
				INFOPLIST_FILE = ChatWWDC/Info.plist;
				INFOPLIST_KEY_UIApplicationSceneManifest_Generation = YES;
				INFOPLIST_KEY_UIApplicationSupportsIndirectInputEvents = YES;
				INFOPLIST_KEY_UILaunchScreen_Generation = YES;
				INFOPLIST_KEY_UISupportedInterfaceOrientations = UIInterfaceOrientationPortrait;
				INFOPLIST_KEY_UISupportedInterfaceOrientations_iPad = "UIInterfaceOrientationLandscapeLeft UIInterfaceOrientationLandscapeRight UIInterfaceOrientationPortrait UIInterfaceOrientationPortraitUpsideDown";
				LD_RUNPATH_SEARCH_PATHS = (
					"$(inherited)",
					"@executable_path/Frameworks",
				);
				MARKETING_VERSION = 1.0;
				PRODUCT_BUNDLE_IDENTIFIER = com.chartinsight.ChatWWDC;
				PRODUCT_NAME = "$(TARGET_NAME)";
				SWIFT_EMIT_LOC_STRINGS = YES;
				SWIFT_VERSION = 5.0;
				TARGETED_DEVICE_FAMILY = "1,2";
			};
			name = Debug;
		};
		8034C55D2A34DEC0007F205A /* Release */ = {
			isa = XCBuildConfiguration;
			buildSettings = {
				ALWAYS_EMBED_SWIFT_STANDARD_LIBRARIES = YES;
				ASSETCATALOG_COMPILER_APPICON_NAME = AppIcon;
				ASSETCATALOG_COMPILER_GLOBAL_ACCENT_COLOR_NAME = AccentColor;
				CODE_SIGN_ENTITLEMENTS = ChatWWDC/ChatWWDC.entitlements;
				CODE_SIGN_STYLE = Automatic;
				CURRENT_PROJECT_VERSION = 1;
				DEVELOPMENT_ASSET_PATHS = "\"ChatWWDC/Preview Content\"";
				DEVELOPMENT_TEAM = KGH5A5RXPH;
				ENABLE_PREVIEWS = YES;
				GENERATE_INFOPLIST_FILE = YES;
				INFOPLIST_FILE = ChatWWDC/Info.plist;
				INFOPLIST_KEY_UIApplicationSceneManifest_Generation = YES;
				INFOPLIST_KEY_UIApplicationSupportsIndirectInputEvents = YES;
				INFOPLIST_KEY_UILaunchScreen_Generation = YES;
				INFOPLIST_KEY_UISupportedInterfaceOrientations = UIInterfaceOrientationPortrait;
				INFOPLIST_KEY_UISupportedInterfaceOrientations_iPad = "UIInterfaceOrientationLandscapeLeft UIInterfaceOrientationLandscapeRight UIInterfaceOrientationPortrait UIInterfaceOrientationPortraitUpsideDown";
				LD_RUNPATH_SEARCH_PATHS = (
					"$(inherited)",
					"@executable_path/Frameworks",
				);
				MARKETING_VERSION = 1.0;
				PRODUCT_BUNDLE_IDENTIFIER = com.chartinsight.ChatWWDC;
				PRODUCT_NAME = "$(TARGET_NAME)";
				SWIFT_EMIT_LOC_STRINGS = YES;
				SWIFT_VERSION = 5.0;
				TARGETED_DEVICE_FAMILY = "1,2";
			};
			name = Release;
		};
/* End XCBuildConfiguration section */

/* Begin XCConfigurationList section */
		8003DBAC2A351BC4004F2C41 /* Build configuration list for PBXNativeTarget "ShareWWDC" */ = {
			isa = XCConfigurationList;
			buildConfigurations = (
				8003DBAA2A351BC4004F2C41 /* Debug */,
				8003DBAB2A351BC4004F2C41 /* Release */,
			);
			defaultConfigurationIsVisible = 0;
			defaultConfigurationName = Release;
		};
		8034C5432A34DEBF007F205A /* Build configuration list for PBXProject "ChatWWDC" */ = {
			isa = XCConfigurationList;
			buildConfigurations = (
				8034C5592A34DEC0007F205A /* Debug */,
				8034C55A2A34DEC0007F205A /* Release */,
			);
			defaultConfigurationIsVisible = 0;
			defaultConfigurationName = Release;
		};
		8034C55B2A34DEC0007F205A /* Build configuration list for PBXNativeTarget "ChatWWDC" */ = {
			isa = XCConfigurationList;
			buildConfigurations = (
				8034C55C2A34DEC0007F205A /* Debug */,
				8034C55D2A34DEC0007F205A /* Release */,
			);
			defaultConfigurationIsVisible = 0;
			defaultConfigurationName = Release;
		};
/* End XCConfigurationList section */

/* Begin XCVersionGroup section */
		8034C5562A34DEC0007F205A /* ChatWWDC.xcdatamodeld */ = {
			isa = XCVersionGroup;
			children = (
				8034C5572A34DEC0007F205A /* ChatWWDC.xcdatamodel */,
			);
			currentVersion = 8034C5572A34DEC0007F205A /* ChatWWDC.xcdatamodel */;
			path = ChatWWDC.xcdatamodeld;
			sourceTree = "<group>";
			versionGroupType = wrapper.xcdatamodel;
		};
/* End XCVersionGroup section */
	};
	rootObject = 8034C5402A34DEBF007F205A /* Project object */;
}
